
Microsoft Visual Studio Solution File, Format Version 12.00
# Visual Studio 15
VisualStudioVersion = 15.0.27004.2005
MinimumVisualStudioVersion = 10.0.40219.1
Project("{8BC9CEB8-8B4A-11D0-8D11-00A0C91BC942}") = "Lab 1", "Lab 1\Lab 1.vcxproj", "{2600CD34-0C7C-4D23-8426-5310EC15E51A}"
EndProject
Global
	GlobalSection(SolutionConfigurationPlatforms) = preSolution
		Debug|x64 = Debug|x64
		Debug|x86 = Debug|x86
		Release|x64 = Release|x64
		Release|x86 = Release|x86
	EndGlobalSection
	GlobalSection(ProjectConfigurationPlatforms) = postSolution
		{2600CD34-0C7C-4D23-8426-5310EC15E51A}.Debug|x64.ActiveCfg = Debug|x64
		{2600CD34-0C7C-4D23-8426-5310EC15E51A}.Debug|x64.Build.0 = Debug|x64
		{2600CD34-0C7C-4D23-8426-5310EC15E51A}.Debug|x86.ActiveCfg = Debug|Win32
		{2600CD34-0C7C-4D23-8426-5310EC15E51A}.Debug|x86.Build.0 = Debug|Win32
		{2600CD34-0C7C-4D23-8426-5310EC15E51A}.Release|x64.ActiveCfg = Release|x64
		{2600CD34-0C7C-4D23-8426-5310EC15E51A}.Release|x64.Build.0 = Release|x64
		{2600CD34-0C7C-4D23-8426-5310EC15E51A}.Release|x86.ActiveCfg = Release|Win32
		{2600CD34-0C7C-4D23-8426-5310EC15E51A}.Release|x86.Build.0 = Release|Win32
	EndGlobalSection
	GlobalSection(SolutionProperties) = preSolution
		HideSolutionNode = FALSE
	EndGlobalSection
	GlobalSection(ExtensibilityGlobals) = postSolution
		SolutionGuid = {D054FA7B-170F-4482-AC91-6BB58B4B4CEE}
	EndGlobalSection
EndGlobal
